
Microsoft Visual Studio Solution File, Format Version 12.00
# Visual Studio Version 17
VisualStudioVersion = 17.11.35208.52
MinimumVisualStudioVersion = 10.0.40219.1
Project("{FAE04EC0-301F-11D3-BF4B-00C04F79EFBC}") = "DesignPatterns", "DesignPatterns.csproj", "{4D3E9888-00F8-44E4-A68C-319B44A5A74B}"
EndProject
Global
	GlobalSection(SolutionConfigurationPlatforms) = preSolution
		Debug|Any CPU = Debug|Any CPU
		Release|Any CPU = Release|Any CPU
	EndGlobalSection
	GlobalSection(ProjectConfigurationPlatforms) = postSolution
		{4D3E9888-00F8-44E4-A68C-319B44A5A74B}.Debug|Any CPU.ActiveCfg = Debug|Any CPU
		{4D3E9888-00F8-44E4-A68C-319B44A5A74B}.Debug|Any CPU.Build.0 = Debug|Any CPU
		{4D3E9888-00F8-44E4-A68C-319B44A5A74B}.Release|Any CPU.ActiveCfg = Release|Any CPU
		{4D3E9888-00F8-44E4-A68C-319B44A5A74B}.Release|Any CPU.Build.0 = Release|Any CPU
	EndGlobalSection
	GlobalSection(SolutionProperties) = preSolution
		HideSolutionNode = FALSE
	EndGlobalSection
	GlobalSection(ExtensibilityGlobals) = postSolution
		SolutionGuid = {A53A93A4-83DD-462F-A755-E65772E97AFA}
	EndGlobalSection
EndGlobal
